
Microsoft Visual Studio Solution File, Format Version 12.00
# Visual Studio Version 16
VisualStudioVersion = 16.0.30114.105
MinimumVisualStudioVersion = 10.0.40219.1
Project("{9A19103F-16F7-4668-BE54-9A1E7A4F7556}") = "Masny.Basic", "src\Masny.Basic\Masny.Basic.csproj", "{9E64692B-C188-4E67-8E66-A1C1AE4ECA9E}"
EndProject
Project("{9A19103F-16F7-4668-BE54-9A1E7A4F7556}") = "Masny.IdentityAuth", "src\Masny.IdentityAuth\Masny.IdentityAuth.csproj", "{D7DA94D4-B308-487C-8100-EDAEEC6F5D05}"
EndProject
Project("{FAE04EC0-301F-11D3-BF4B-00C04F79EFBC}") = "Masny.Server", "src\Masny.Server\Masny.Server.csproj", "{41A66746-2E6C-41D7-A5B7-5CEAC5A7F391}"
EndProject
Project("{FAE04EC0-301F-11D3-BF4B-00C04F79EFBC}") = "Masny.Client", "src\Masny.Client\Masny.Client.csproj", "{B340E888-8FAD-4DA7-BCAD-BD32A43474E3}"
EndProject
Project("{FAE04EC0-301F-11D3-BF4B-00C04F79EFBC}") = "Masny.Api", "src\Masny.Api\Masny.Api.csproj", "{1816FDF4-EFBD-4D85-A818-4FBF0719544E}"
EndProject
Project("{2150E333-8FDC-42A3-9474-1A3956D46DE8}") = "Basic", "Basic", "{D08EB05F-631F-4D06-AF97-7419EA726469}"
EndProject
Project("{2150E333-8FDC-42A3-9474-1A3956D46DE8}") = "OAuth", "OAuth", "{E45B63AB-9BD0-4480-AF1F-5B27A3454FE8}"
EndProject
Project("{2150E333-8FDC-42A3-9474-1A3956D46DE8}") = "IdentityServer", "IdentityServer", "{ACDB44E4-FF06-483D-B6B4-A0201E15B080}"
EndProject
Project("{9A19103F-16F7-4668-BE54-9A1E7A4F7556}") = "Masny.IdentityServer", "src\Masny.IdentityServer\Masny.IdentityServer.csproj", "{3D080947-2C97-4B20-A906-C67281FB5271}"
EndProject
Project("{9A19103F-16F7-4668-BE54-9A1E7A4F7556}") = "Masny.IdentityApiOne", "src\Masny.IdentityApiOne\Masny.IdentityApiOne.csproj", "{DB7F21C0-038D-4887-973F-9A40377C6531}"
EndProject
Project("{9A19103F-16F7-4668-BE54-9A1E7A4F7556}") = "Masny.IdentityApiTwo", "src\Masny.IdentityApiTwo\Masny.IdentityApiTwo.csproj", "{BF3A6132-CB3E-4579-B8DF-FBA80CD6461D}"
EndProject
Project("{2150E333-8FDC-42A3-9474-1A3956D46DE8}") = "Solution Items", "Solution Items", "{14D1FE2B-AEC8-4157-9603-8F4E63AEDCDF}"
	ProjectSection(SolutionItems) = preProject
		.gitignore = .gitignore
		LICENSE = LICENSE
		README.md = README.md
	EndProjectSection
EndProject
Project("{9A19103F-16F7-4668-BE54-9A1E7A4F7556}") = "Masny.IdentityMvcClient", "src\Masny.IdentityMvcClient\Masny.IdentityMvcClient.csproj", "{821F206A-5314-4910-98BE-C0FC8BF5DFB3}"
EndProject
Project("{FAE04EC0-301F-11D3-BF4B-00C04F79EFBC}") = "Masny.JavaScriptClient", "src\Masny.JavaScriptClient\Masny.JavaScriptClient.csproj", "{93D03986-97C9-47D8-8BE2-BA6BB680B1AB}"
EndProject
Global
	GlobalSection(SolutionConfigurationPlatforms) = preSolution
		Debug|Any CPU = Debug|Any CPU
		Release|Any CPU = Release|Any CPU
	EndGlobalSection
	GlobalSection(ProjectConfigurationPlatforms) = postSolution
		{9E64692B-C188-4E67-8E66-A1C1AE4ECA9E}.Debug|Any CPU.ActiveCfg = Debug|Any CPU
		{9E64692B-C188-4E67-8E66-A1C1AE4ECA9E}.Debug|Any CPU.Build.0 = Debug|Any CPU
		{9E64692B-C188-4E67-8E66-A1C1AE4ECA9E}.Release|Any CPU.ActiveCfg = Release|Any CPU
		{9E64692B-C188-4E67-8E66-A1C1AE4ECA9E}.Release|Any CPU.Build.0 = Release|Any CPU
		{D7DA94D4-B308-487C-8100-EDAEEC6F5D05}.Debug|Any CPU.ActiveCfg = Debug|Any CPU
		{D7DA94D4-B308-487C-8100-EDAEEC6F5D05}.Debug|Any CPU.Build.0 = Debug|Any CPU
		{D7DA94D4-B308-487C-8100-EDAEEC6F5D05}.Release|Any CPU.ActiveCfg = Release|Any CPU
		{D7DA94D4-B308-487C-8100-EDAEEC6F5D05}.Release|Any CPU.Build.0 = Release|Any CPU
		{41A66746-2E6C-41D7-A5B7-5CEAC5A7F391}.Debug|Any CPU.ActiveCfg = Debug|Any CPU
		{41A66746-2E6C-41D7-A5B7-5CEAC5A7F391}.Debug|Any CPU.Build.0 = Debug|Any CPU
		{41A66746-2E6C-41D7-A5B7-5CEAC5A7F391}.Release|Any CPU.ActiveCfg = Release|Any CPU
		{41A66746-2E6C-41D7-A5B7-5CEAC5A7F391}.Release|Any CPU.Build.0 = Release|Any CPU
		{B340E888-8FAD-4DA7-BCAD-BD32A43474E3}.Debug|Any CPU.ActiveCfg = Debug|Any CPU
		{B340E888-8FAD-4DA7-BCAD-BD32A43474E3}.Debug|Any CPU.Build.0 = Debug|Any CPU
		{B340E888-8FAD-4DA7-BCAD-BD32A43474E3}.Release|Any CPU.ActiveCfg = Release|Any CPU
		{B340E888-8FAD-4DA7-BCAD-BD32A43474E3}.Release|Any CPU.Build.0 = Release|Any CPU
		{1816FDF4-EFBD-4D85-A818-4FBF0719544E}.Debug|Any CPU.ActiveCfg = Debug|Any CPU
		{1816FDF4-EFBD-4D85-A818-4FBF0719544E}.Debug|Any CPU.Build.0 = Debug|Any CPU
		{1816FDF4-EFBD-4D85-A818-4FBF0719544E}.Release|Any CPU.ActiveCfg = Release|Any CPU
		{1816FDF4-EFBD-4D85-A818-4FBF0719544E}.Release|Any CPU.Build.0 = Release|Any CPU
		{3D080947-2C97-4B20-A906-C67281FB5271}.Debug|Any CPU.ActiveCfg = Debug|Any CPU
		{3D080947-2C97-4B20-A906-C67281FB5271}.Debug|Any CPU.Build.0 = Debug|Any CPU
		{3D080947-2C97-4B20-A906-C67281FB5271}.Release|Any CPU.ActiveCfg = Release|Any CPU
		{3D080947-2C97-4B20-A906-C67281FB5271}.Release|Any CPU.Build.0 = Release|Any CPU
		{DB7F21C0-038D-4887-973F-9A40377C6531}.Debug|Any CPU.ActiveCfg = Debug|Any CPU
		{DB7F21C0-038D-4887-973F-9A40377C6531}.Debug|Any CPU.Build.0 = Debug|Any CPU
		{DB7F21C0-038D-4887-973F-9A40377C6531}.Release|Any CPU.ActiveCfg = Release|Any CPU
		{DB7F21C0-038D-4887-973F-9A40377C6531}.Release|Any CPU.Build.0 = Release|Any CPU
		{BF3A6132-CB3E-4579-B8DF-FBA80CD6461D}.Debug|Any CPU.ActiveCfg = Debug|Any CPU
		{BF3A6132-CB3E-4579-B8DF-FBA80CD6461D}.Debug|Any CPU.Build.0 = Debug|Any CPU
		{BF3A6132-CB3E-4579-B8DF-FBA80CD6461D}.Release|Any CPU.ActiveCfg = Release|Any CPU
		{BF3A6132-CB3E-4579-B8DF-FBA80CD6461D}.Release|Any CPU.Build.0 = Release|Any CPU
		{821F206A-5314-4910-98BE-C0FC8BF5DFB3}.Debug|Any CPU.ActiveCfg = Debug|Any CPU
		{821F206A-5314-4910-98BE-C0FC8BF5DFB3}.Debug|Any CPU.Build.0 = Debug|Any CPU
		{821F206A-5314-4910-98BE-C0FC8BF5DFB3}.Release|Any CPU.ActiveCfg = Release|Any CPU
		{821F206A-5314-4910-98BE-C0FC8BF5DFB3}.Release|Any CPU.Build.0 = Release|Any CPU
		{93D03986-97C9-47D8-8BE2-BA6BB680B1AB}.Debug|Any CPU.ActiveCfg = Debug|Any CPU
		{93D03986-97C9-47D8-8BE2-BA6BB680B1AB}.Debug|Any CPU.Build.0 = Debug|Any CPU
		{93D03986-97C9-47D8-8BE2-BA6BB680B1AB}.Release|Any CPU.ActiveCfg = Release|Any CPU
		{93D03986-97C9-47D8-8BE2-BA6BB680B1AB}.Release|Any CPU.Build.0 = Release|Any CPU
	EndGlobalSection
	GlobalSection(SolutionProperties) = preSolution
		HideSolutionNode = FALSE
	EndGlobalSection
	GlobalSection(NestedProjects) = preSolution
		{9E64692B-C188-4E67-8E66-A1C1AE4ECA9E} = {D08EB05F-631F-4D06-AF97-7419EA726469}
		{D7DA94D4-B308-487C-8100-EDAEEC6F5D05} = {D08EB05F-631F-4D06-AF97-7419EA726469}
		{41A66746-2E6C-41D7-A5B7-5CEAC5A7F391} = {E45B63AB-9BD0-4480-AF1F-5B27A3454FE8}
		{B340E888-8FAD-4DA7-BCAD-BD32A43474E3} = {E45B63AB-9BD0-4480-AF1F-5B27A3454FE8}
		{1816FDF4-EFBD-4D85-A818-4FBF0719544E} = {E45B63AB-9BD0-4480-AF1F-5B27A3454FE8}
		{3D080947-2C97-4B20-A906-C67281FB5271} = {ACDB44E4-FF06-483D-B6B4-A0201E15B080}
		{DB7F21C0-038D-4887-973F-9A40377C6531} = {ACDB44E4-FF06-483D-B6B4-A0201E15B080}
		{BF3A6132-CB3E-4579-B8DF-FBA80CD6461D} = {ACDB44E4-FF06-483D-B6B4-A0201E15B080}
		{821F206A-5314-4910-98BE-C0FC8BF5DFB3} = {ACDB44E4-FF06-483D-B6B4-A0201E15B080}
		{93D03986-97C9-47D8-8BE2-BA6BB680B1AB} = {ACDB44E4-FF06-483D-B6B4-A0201E15B080}
	EndGlobalSection
	GlobalSection(ExtensibilityGlobals) = postSolution
		SolutionGuid = {A18014BF-BD92-42DA-BB24-6C16F58DE8C4}
	EndGlobalSection
EndGlobal
